
Microsoft Visual Studio Solution File, Format Version 12.00
# Visual Studio Version 17
VisualStudioVersion = 17.7.34024.191
MinimumVisualStudioVersion = 10.0.40219.1
Project("{FAE04EC0-301F-11D3-BF4B-00C04F79EFBC}") = "Form_register", "Form_register\Form_register.csproj", "{D89D1D5B-0CB8-4DEE-B104-6E1CFD7346EE}"
EndProject
Project("{FAE04EC0-301F-11D3-BF4B-00C04F79EFBC}") = "Project_Web_Buy&SellCar", "Project_Web_Buy&SellCar\Project_Web_Buy&SellCar.csproj", "{31606144-D090-4644-8E82-122F11A9595B}"
EndProject
Project("{FAE04EC0-301F-11D3-BF4B-00C04F79EFBC}") = "BaiTap_Buoi2b", "BaiTap_Buoi2b\BaiTap_Buoi2b.csproj", "{8D65C8CC-C7B1-492F-81B3-10C371D89367}"
EndProject
Project("{FAE04EC0-301F-11D3-BF4B-00C04F79EFBC}") = "BaiTap_buoi2a", "BaiTap_buoi2a\BaiTap_buoi2a.csproj", "{96490FA7-4D58-4677-8A08-CB00D2968531}"
EndProject
Project("{FAE04EC0-301F-11D3-BF4B-00C04F79EFBC}") = "BaiTap_Buoi2c", "BaiTap_Buoi2c\BaiTap_Buoi2c.csproj", "{10A8DC9F-73AE-4D43-87CE-B6FE8A29063A}"
EndProject
Global
	GlobalSection(SolutionConfigurationPlatforms) = preSolution
		Debug|Any CPU = Debug|Any CPU
		Release|Any CPU = Release|Any CPU
	EndGlobalSection
	GlobalSection(ProjectConfigurationPlatforms) = postSolution
		{D89D1D5B-0CB8-4DEE-B104-6E1CFD7346EE}.Debug|Any CPU.ActiveCfg = Debug|Any CPU
		{D89D1D5B-0CB8-4DEE-B104-6E1CFD7346EE}.Debug|Any CPU.Build.0 = Debug|Any CPU
		{D89D1D5B-0CB8-4DEE-B104-6E1CFD7346EE}.Release|Any CPU.ActiveCfg = Release|Any CPU
		{D89D1D5B-0CB8-4DEE-B104-6E1CFD7346EE}.Release|Any CPU.Build.0 = Release|Any CPU
		{31606144-D090-4644-8E82-122F11A9595B}.Debug|Any CPU.ActiveCfg = Debug|Any CPU
		{31606144-D090-4644-8E82-122F11A9595B}.Debug|Any CPU.Build.0 = Debug|Any CPU
		{31606144-D090-4644-8E82-122F11A9595B}.Release|Any CPU.ActiveCfg = Release|Any CPU
		{31606144-D090-4644-8E82-122F11A9595B}.Release|Any CPU.Build.0 = Release|Any CPU
		{8D65C8CC-C7B1-492F-81B3-10C371D89367}.Debug|Any CPU.ActiveCfg = Debug|Any CPU
		{8D65C8CC-C7B1-492F-81B3-10C371D89367}.Debug|Any CPU.Build.0 = Debug|Any CPU
		{8D65C8CC-C7B1-492F-81B3-10C371D89367}.Release|Any CPU.ActiveCfg = Release|Any CPU
		{8D65C8CC-C7B1-492F-81B3-10C371D89367}.Release|Any CPU.Build.0 = Release|Any CPU
		{96490FA7-4D58-4677-8A08-CB00D2968531}.Debug|Any CPU.ActiveCfg = Debug|Any CPU
		{96490FA7-4D58-4677-8A08-CB00D2968531}.Debug|Any CPU.Build.0 = Debug|Any CPU
		{96490FA7-4D58-4677-8A08-CB00D2968531}.Release|Any CPU.ActiveCfg = Release|Any CPU
		{96490FA7-4D58-4677-8A08-CB00D2968531}.Release|Any CPU.Build.0 = Release|Any CPU
		{10A8DC9F-73AE-4D43-87CE-B6FE8A29063A}.Debug|Any CPU.ActiveCfg = Debug|Any CPU
		{10A8DC9F-73AE-4D43-87CE-B6FE8A29063A}.Debug|Any CPU.Build.0 = Debug|Any CPU
		{10A8DC9F-73AE-4D43-87CE-B6FE8A29063A}.Release|Any CPU.ActiveCfg = Release|Any CPU
		{10A8DC9F-73AE-4D43-87CE-B6FE8A29063A}.Release|Any CPU.Build.0 = Release|Any CPU
	EndGlobalSection
	GlobalSection(SolutionProperties) = preSolution
		HideSolutionNode = FALSE
	EndGlobalSection
	GlobalSection(ExtensibilityGlobals) = postSolution
		SolutionGuid = {9B172C04-C6A2-4F2A-A9DF-90796B670062}
	EndGlobalSection
EndGlobal
